<?xml version="1.0" encoding="utf-8"?>
<Project ToolsVersion="4.0" xmlns="http://schemas.microsoft.com/developer/msbuild/2003">
  <ItemGroup>
    <Filter Include="Source Files">
      <UniqueIdentifier>{4FC737F1-C7A5-4376-A066-2A32D752A2FF}</UniqueIdentifier>
      <Extensions>cpp;c;cc;cxx;c++;cppm;ixx;def;odl;idl;hpj;bat;asm;asmx</Extensions>
    </Filter>
    <Filter Include="Header Files">
      <UniqueIdentifier>{93995380-89BD-4b04-88EB-625FBE52EBFB}</UniqueIdentifier>
      <Extensions>h;hh;hpp;hxx;h++;hm;inl;inc;ipp;xsd</Extensions>
    </Filter>
    <Filter Include="Resource Files">
      <UniqueIdentifier>{67DA6AB6-F800-4c08-8B7A-83BB121AAD01}</UniqueIdentifier>
      <Extensions>rc;ico;cur;bmp;dlg;rc2;rct;bin;rgs;gif;jpg;jpeg;jpe;resx;tiff;tif;png;wav;mfcribbon-ms</Extensions>
    </Filter>
    <Filter Include="Resource Files\Shader">
      <UniqueIdentifier>{69bc2515-5959-4be7-8d7f-dee11a1be70d}</UniqueIdentifier>
    </Filter>
    <Filter Include="Resource Files\Audio">
      <UniqueIdentifier>{a0a1e8b7-1254-4781-8b8f-32feb7543785}</UniqueIdentifier>
    </Filter>
    <Filter Include="Resource Files\Audio\Music">
      <UniqueIdentifier>{4e333568-d272-4e41-90b8-65eb56552cce}</UniqueIdentifier>
    </Filter>
    <Filter Include="Resource Files\Audio\Sound Effects">
      <UniqueIdentifier>{e773559d-c8d6-4618-beb9-b7aa8f0b3ad9}</UniqueIdentifier>
    </Filter>
    <Filter Include="Resource Files\Textures">
      <UniqueIdentifier>{76f72a6d-7a33-46a5-8b3d-7aacb025bc22}</UniqueIdentifier>
    </Filter>
    <Filter Include="Resource Files\Textures\pacman">
      <UniqueIdentifier>{2769a647-95b8-48a6-b403-6939232231b9}</UniqueIdentifier>
    </Filter>
    <Filter Include="Resource Files\Textures\powerups">
      <UniqueIdentifier>{4cf51a9c-121b-47b5-9488-9a50be0e8b36}</UniqueIdentifier>
    </Filter>
    <Filter Include="Resource Files\Textures\ennemies">
      <UniqueIdentifier>{bc85df69-9b28-4e11-ae80-e69d4b9e83f6}</UniqueIdentifier>
    </Filter>
  </ItemGroup>
  <ItemGroup>
    <ClCompile Include="glad.c">
      <Filter>Source Files</Filter>
    </ClCompile>
    <ClCompile Include="main.cpp">
      <Filter>Source Files</Filter>
    </ClCompile>
    <ClCompile Include="shaderClass.cpp">
      <Filter>Source Files</Filter>
    </ClCompile>
    <ClCompile Include="VBO.cpp">
      <Filter>Source Files</Filter>
    </ClCompile>
    <ClCompile Include="EBO.cpp">
      <Filter>Source Files</Filter>
    </ClCompile>
    <ClCompile Include="VAO.cpp">
      <Filter>Source Files</Filter>
    </ClCompile>
    <ClCompile Include="stb.cpp">
      <Filter>Source Files</Filter>
    </ClCompile>
    <ClCompile Include="Texture.cpp">
      <Filter>Source Files</Filter>
    </ClCompile>
    <ClCompile Include="Camera.cpp">
      <Filter>Source Files</Filter>
    </ClCompile>
    <ClCompile Include="GameWindow.cpp">
      <Filter>Source Files</Filter>
    </ClCompile>
    <ClCompile Include="GameObject.cpp">
      <Filter>Source Files</Filter>
    </ClCompile>
    <ClCompile Include="Scene.cpp">
      <Filter>Source Files</Filter>
    </ClCompile>
    <ClCompile Include="Mesh.cpp">
      <Filter>Source Files</Filter>
    </ClCompile>
    <ClCompile Include="Light.cpp">
      <Filter>Source Files</Filter>
    </ClCompile>
    <ClCompile Include="Event.cpp">
      <Filter>Source Files</Filter>
    </ClCompile>
    <ClCompile Include="Collider.cpp">
      <Filter>Source Files</Filter>
    </ClCompile>
    <ClCompile Include="Sound.cpp">
      <Filter>Source Files</Filter>
    </ClCompile>
    <ClCompile Include="Player.cpp">
      <Filter>Source Files</Filter>
    </ClCompile>
    <ClCompile Include="Ennemy.cpp">
      <Filter>Source Files</Filter>
    </ClCompile>
  </ItemGroup>
  <ItemGroup>
    <ClInclude Include="shaderClass.h">
      <Filter>Header Files</Filter>
    </ClInclude>
    <ClInclude Include="VBO.h">
      <Filter>Header Files</Filter>
    </ClInclude>
    <ClInclude Include="EBO.h">
      <Filter>Header Files</Filter>
    </ClInclude>
    <ClInclude Include="VAO.h">
      <Filter>Header Files</Filter>
    </ClInclude>
    <ClInclude Include="Texture.h">
      <Filter>Header Files</Filter>
    </ClInclude>
    <ClInclude Include="Camera.h">
      <Filter>Header Files</Filter>
    </ClInclude>
    <ClInclude Include="GameWindow.h">
      <Filter>Header Files</Filter>
    </ClInclude>
    <ClInclude Include="GameObject.h">
      <Filter>Header Files</Filter>
    </ClInclude>
    <ClInclude Include="Scene.h">
      <Filter>Header Files</Filter>
    </ClInclude>
    <ClInclude Include="Mesh.h">
      <Filter>Header Files</Filter>
    </ClInclude>
    <ClInclude Include="Light.h">
      <Filter>Header Files</Filter>
    </ClInclude>
    <ClInclude Include="Event.h">
      <Filter>Header Files</Filter>
    </ClInclude>
    <ClInclude Include="Collider.h">
      <Filter>Header Files</Filter>
    </ClInclude>
    <ClInclude Include="Sound.h">
      <Filter>Header Files</Filter>
    </ClInclude>
    <ClInclude Include="Player.h">
      <Filter>Header Files</Filter>
    </ClInclude>
    <ClInclude Include="Ennemy.h">
      <Filter>Header Files</Filter>
    </ClInclude>
  </ItemGroup>
  <ItemGroup>
    <None Include="default.vert">
      <Filter>Resource Files\Shader</Filter>
    </None>
    <None Include="default.frag">
      <Filter>Resource Files\Shader</Filter>
    </None>
    <None Include="light.frag">
      <Filter>Resource Files\Shader</Filter>
    </None>
    <None Include="light.vert">
      <Filter>Resource Files\Shader</Filter>
    </None>
  </ItemGroup>
  <ItemGroup>
    <Image Include="Textures\default.png">
      <Filter>Resource Files\Textures</Filter>
    </Image>
    <Image Include="Textures\pacman\pacman_1_down.png">
      <Filter>Resource Files\Textures\pacman</Filter>
    </Image>
    <Image Include="Textures\pacman\pacman_1_left.png">
      <Filter>Resource Files\Textures\pacman</Filter>
    </Image>
    <Image Include="Textures\pacman\pacman_1_right.png">
      <Filter>Resource Files\Textures\pacman</Filter>
    </Image>
    <Image Include="Textures\pacman\pacman_1_up.png">
      <Filter>Resource Files\Textures\pacman</Filter>
    </Image>
    <Image Include="Textures\pacman\pacman_2_down.png">
      <Filter>Resource Files\Textures\pacman</Filter>
    </Image>
    <Image Include="Textures\pacman\pacman_2_left.png">
      <Filter>Resource Files\Textures\pacman</Filter>
    </Image>
    <Image Include="Textures\pacman\pacman_2_right.png">
      <Filter>Resource Files\Textures\pacman</Filter>
    </Image>
    <Image Include="Textures\pacman\pacman_2_up.png">
      <Filter>Resource Files\Textures\pacman</Filter>
    </Image>
    <Image Include="textures\other\cherry.png">
      <Filter>Resource Files\Textures\powerups</Filter>
    </Image>
    <Image Include="textures\other\pacgum.png">
      <Filter>Resource Files\Textures\powerups</Filter>
    </Image>
    <Image Include="textures\ennemies\cyan_down.png">
      <Filter>Resource Files\Textures\ennemies</Filter>
    </Image>
    <Image Include="textures\ennemies\cyan_left.png">
      <Filter>Resource Files\Textures\ennemies</Filter>
    </Image>
    <Image Include="textures\ennemies\cyan_right.png">
      <Filter>Resource Files\Textures\ennemies</Filter>
    </Image>
    <Image Include="textures\ennemies\cyan_up.png">
      <Filter>Resource Files\Textures\ennemies</Filter>
    </Image>
    <Image Include="textures\ennemies\dead.png">
      <Filter>Resource Files\Textures\ennemies</Filter>
    </Image>
    <Image Include="textures\ennemies\orange_down.png">
      <Filter>Resource Files\Textures\ennemies</Filter>
    </Image>
    <Image Include="textures\ennemies\orange_left.png">
      <Filter>Resource Files\Textures\ennemies</Filter>
    </Image>
    <Image Include="textures\ennemies\orange_right.png">
      <Filter>Resource Files\Textures\ennemies</Filter>
    </Image>
    <Image Include="textures\ennemies\orange_up.png">
      <Filter>Resource Files\Textures\ennemies</Filter>
    </Image>
    <Image Include="textures\ennemies\pink_down.png">
      <Filter>Resource Files\Textures\ennemies</Filter>
    </Image>
    <Image Include="textures\ennemies\pink_left.png">
      <Filter>Resource Files\Textures\ennemies</Filter>
    </Image>
    <Image Include="textures\ennemies\pink_right.png">
      <Filter>Resource Files\Textures\ennemies</Filter>
    </Image>
    <Image Include="textures\ennemies\pink_up.png">
      <Filter>Resource Files\Textures\ennemies</Filter>
    </Image>
    <Image Include="textures\ennemies\red_down.png">
      <Filter>Resource Files\Textures\ennemies</Filter>
    </Image>
    <Image Include="textures\ennemies\red_left.png">
      <Filter>Resource Files\Textures\ennemies</Filter>
    </Image>
    <Image Include="textures\ennemies\red_right.png">
      <Filter>Resource Files\Textures\ennemies</Filter>
    </Image>
    <Image Include="textures\ennemies\red_up.png">
      <Filter>Resource Files\Textures\ennemies</Filter>
    </Image>
  </ItemGroup>
</Project>